
Microsoft Visual Studio Solution File, Format Version 12.00
Project("{FAE04EC0-301F-11D3-BF4B-00C04F79EFBC}") = "KestrelIssue", "KestrelIssue\KestrelIssue.csproj", "{11BF3F62-2F7E-4E36-A1BB-987EE42D4663}"
EndProject
Global
	GlobalSection(SolutionConfigurationPlatforms) = preSolution
		Debug|Any CPU = Debug|Any CPU
		Release|Any CPU = Release|Any CPU
	EndGlobalSection
	GlobalSection(ProjectConfigurationPlatforms) = postSolution
		{11BF3F62-2F7E-4E36-A1BB-987EE42D4663}.Debug|Any CPU.ActiveCfg = Debug|Any CPU
		{11BF3F62-2F7E-4E36-A1BB-987EE42D4663}.Debug|Any CPU.Build.0 = Debug|Any CPU
		{11BF3F62-2F7E-4E36-A1BB-987EE42D4663}.Release|Any CPU.ActiveCfg = Release|Any CPU
		{11BF3F62-2F7E-4E36-A1BB-987EE42D4663}.Release|Any CPU.Build.0 = Release|Any CPU
	EndGlobalSection
EndGlobal
